
Microsoft Visual Studio Solution File, Format Version 12.00
# Visual Studio Version 17
VisualStudioVersion = 17.5.002.0
MinimumVisualStudioVersion = 10.0.40219.1
Project("{FAE04EC0-301F-11D3-BF4B-00C04F79EFBC}") = "Services.API", "Services.API\Services.API.csproj", "{6C393553-7B5B-4EE0-9A3C-33A98966926A}"
EndProject
Project("{FAE04EC0-301F-11D3-BF4B-00C04F79EFBC}") = "Afrinet.Models", "Afrinet.Models\Afrinet.Models.csproj", "{FDCC3658-4DB5-4CD4-BC03-8DC6BEFF4390}"
EndProject
Project("{FAE04EC0-301F-11D3-BF4B-00C04F79EFBC}") = "Afrinet.API.Contracts", "Afrinet.API.Contracts\Afrinet.API.Contracts.csproj", "{8F638943-8BD8-427C-AA70-2DFA62FB1A65}"
EndProject
Project("{FAE04EC0-301F-11D3-BF4B-00C04F79EFBC}") = "Order.Processor", "Order.Processor\Order.Processor.csproj", "{5AB1EE92-E463-403E-BDE8-E841E374FCE6}"
EndProject
Project("{FAE04EC0-301F-11D3-BF4B-00C04F79EFBC}") = "Afrinet.Web", "Afrinet.Web\Afrinet.Web.csproj", "{80E9F75C-99B5-4241-983A-249290D88BFC}"
EndProject
Project("{FAE04EC0-301F-11D3-BF4B-00C04F79EFBC}") = "Activation.Processor", "Activation.Processor\Activation.Processor.csproj", "{7069CEEA-67EB-4532-85C3-4596120EF5CE}"
EndProject
Global
	GlobalSection(SolutionConfigurationPlatforms) = preSolution
		Debug|Any CPU = Debug|Any CPU
		Release|Any CPU = Release|Any CPU
	EndGlobalSection
	GlobalSection(ProjectConfigurationPlatforms) = postSolution
		{6C393553-7B5B-4EE0-9A3C-33A98966926A}.Debug|Any CPU.ActiveCfg = Debug|Any CPU
		{6C393553-7B5B-4EE0-9A3C-33A98966926A}.Debug|Any CPU.Build.0 = Debug|Any CPU
		{6C393553-7B5B-4EE0-9A3C-33A98966926A}.Release|Any CPU.ActiveCfg = Release|Any CPU
		{6C393553-7B5B-4EE0-9A3C-33A98966926A}.Release|Any CPU.Build.0 = Release|Any CPU
		{FDCC3658-4DB5-4CD4-BC03-8DC6BEFF4390}.Debug|Any CPU.ActiveCfg = Debug|Any CPU
		{FDCC3658-4DB5-4CD4-BC03-8DC6BEFF4390}.Debug|Any CPU.Build.0 = Debug|Any CPU
		{FDCC3658-4DB5-4CD4-BC03-8DC6BEFF4390}.Release|Any CPU.ActiveCfg = Release|Any CPU
		{FDCC3658-4DB5-4CD4-BC03-8DC6BEFF4390}.Release|Any CPU.Build.0 = Release|Any CPU
		{8F638943-8BD8-427C-AA70-2DFA62FB1A65}.Debug|Any CPU.ActiveCfg = Debug|Any CPU
		{8F638943-8BD8-427C-AA70-2DFA62FB1A65}.Debug|Any CPU.Build.0 = Debug|Any CPU
		{8F638943-8BD8-427C-AA70-2DFA62FB1A65}.Release|Any CPU.ActiveCfg = Release|Any CPU
		{8F638943-8BD8-427C-AA70-2DFA62FB1A65}.Release|Any CPU.Build.0 = Release|Any CPU
		{5AB1EE92-E463-403E-BDE8-E841E374FCE6}.Debug|Any CPU.ActiveCfg = Debug|Any CPU
		{5AB1EE92-E463-403E-BDE8-E841E374FCE6}.Debug|Any CPU.Build.0 = Debug|Any CPU
		{5AB1EE92-E463-403E-BDE8-E841E374FCE6}.Release|Any CPU.ActiveCfg = Release|Any CPU
		{5AB1EE92-E463-403E-BDE8-E841E374FCE6}.Release|Any CPU.Build.0 = Release|Any CPU
		{80E9F75C-99B5-4241-983A-249290D88BFC}.Debug|Any CPU.ActiveCfg = Debug|Any CPU
		{80E9F75C-99B5-4241-983A-249290D88BFC}.Debug|Any CPU.Build.0 = Debug|Any CPU
		{80E9F75C-99B5-4241-983A-249290D88BFC}.Release|Any CPU.ActiveCfg = Release|Any CPU
		{80E9F75C-99B5-4241-983A-249290D88BFC}.Release|Any CPU.Build.0 = Release|Any CPU
		{7069CEEA-67EB-4532-85C3-4596120EF5CE}.Debug|Any CPU.ActiveCfg = Debug|Any CPU
		{7069CEEA-67EB-4532-85C3-4596120EF5CE}.Debug|Any CPU.Build.0 = Debug|Any CPU
		{7069CEEA-67EB-4532-85C3-4596120EF5CE}.Release|Any CPU.ActiveCfg = Release|Any CPU
		{7069CEEA-67EB-4532-85C3-4596120EF5CE}.Release|Any CPU.Build.0 = Release|Any CPU
	EndGlobalSection
	GlobalSection(SolutionProperties) = preSolution
		HideSolutionNode = FALSE
	EndGlobalSection
	GlobalSection(ExtensibilityGlobals) = postSolution
		SolutionGuid = {5837B665-8DFB-404D-AB18-B1570FE1105B}
	EndGlobalSection
EndGlobal
